
Microsoft Visual Studio Solution File, Format Version 12.00
# Visual Studio Version 17
VisualStudioVersion = 17.11.35327.3
MinimumVisualStudioVersion = 10.0.40219.1
Project("{FAE04EC0-301F-11D3-BF4B-00C04F79EFBC}") = "PresentationLayer", "PresentationLayer\PresentationLayer.csproj", "{D9B3A63B-B91B-440A-916C-261BECB79F97}"
EndProject
Project("{FAE04EC0-301F-11D3-BF4B-00C04F79EFBC}") = "DataAccessLayer", "DataAccessLayer\DataAccessLayer.csproj", "{3B09F574-B2F9-4142-9081-E9D1E14CAC23}"
EndProject
Project("{FAE04EC0-301F-11D3-BF4B-00C04F79EFBC}") = "BussinessLayer", "BussinessLayer\BussinessLayer.csproj", "{20E1135E-C4A9-4563-8BD8-0D9C82B9915D}"
EndProject
Global
	GlobalSection(SolutionConfigurationPlatforms) = preSolution
		Debug|Any CPU = Debug|Any CPU
		Release|Any CPU = Release|Any CPU
	EndGlobalSection
	GlobalSection(ProjectConfigurationPlatforms) = postSolution
		{D9B3A63B-B91B-440A-916C-261BECB79F97}.Debug|Any CPU.ActiveCfg = Debug|Any CPU
		{D9B3A63B-B91B-440A-916C-261BECB79F97}.Debug|Any CPU.Build.0 = Debug|Any CPU
		{D9B3A63B-B91B-440A-916C-261BECB79F97}.Release|Any CPU.ActiveCfg = Release|Any CPU
		{D9B3A63B-B91B-440A-916C-261BECB79F97}.Release|Any CPU.Build.0 = Release|Any CPU
		{3B09F574-B2F9-4142-9081-E9D1E14CAC23}.Debug|Any CPU.ActiveCfg = Debug|Any CPU
		{3B09F574-B2F9-4142-9081-E9D1E14CAC23}.Debug|Any CPU.Build.0 = Debug|Any CPU
		{3B09F574-B2F9-4142-9081-E9D1E14CAC23}.Release|Any CPU.ActiveCfg = Release|Any CPU
		{3B09F574-B2F9-4142-9081-E9D1E14CAC23}.Release|Any CPU.Build.0 = Release|Any CPU
		{20E1135E-C4A9-4563-8BD8-0D9C82B9915D}.Debug|Any CPU.ActiveCfg = Debug|Any CPU
		{20E1135E-C4A9-4563-8BD8-0D9C82B9915D}.Debug|Any CPU.Build.0 = Debug|Any CPU
		{20E1135E-C4A9-4563-8BD8-0D9C82B9915D}.Release|Any CPU.ActiveCfg = Release|Any CPU
		{20E1135E-C4A9-4563-8BD8-0D9C82B9915D}.Release|Any CPU.Build.0 = Release|Any CPU
	EndGlobalSection
	GlobalSection(SolutionProperties) = preSolution
		HideSolutionNode = FALSE
	EndGlobalSection
	GlobalSection(ExtensibilityGlobals) = postSolution
		SolutionGuid = {510444A7-027B-42E2-AAC6-2A22CE7DEF33}
	EndGlobalSection
EndGlobal
